
Microsoft Visual Studio Solution File, Format Version 12.00
# Visual Studio Version 16
VisualStudioVersion = 25.0.1706.4
MinimumVisualStudioVersion = 10.0.40219.1
Project("{FAE04EC0-301F-11D3-BF4B-00C04F79EFBC}") = "PortfolioMe", "PortfolioMe\PortfolioMe.csproj", "{FC23E52E-72ED-4804-A8B8-E64FED253120}"
EndProject
Global
	GlobalSection(SolutionConfigurationPlatforms) = preSolution
		Debug|Any CPU = Debug|Any CPU
		Release|Any CPU = Release|Any CPU
	EndGlobalSection
	GlobalSection(ProjectConfigurationPlatforms) = postSolution
		{FC23E52E-72ED-4804-A8B8-E64FED253120}.Debug|Any CPU.ActiveCfg = Debug|Any CPU
		{FC23E52E-72ED-4804-A8B8-E64FED253120}.Debug|Any CPU.Build.0 = Debug|Any CPU
		{FC23E52E-72ED-4804-A8B8-E64FED253120}.Release|Any CPU.ActiveCfg = Release|Any CPU
		{FC23E52E-72ED-4804-A8B8-E64FED253120}.Release|Any CPU.Build.0 = Release|Any CPU
	EndGlobalSection
	GlobalSection(SolutionProperties) = preSolution
		HideSolutionNode = FALSE
	EndGlobalSection
	GlobalSection(ExtensibilityGlobals) = postSolution
		SolutionGuid = {05389357-DE62-40C7-B4FC-6C548CDDB89E}
	EndGlobalSection
EndGlobal
